
Microsoft Visual Studio Solution File, Format Version 12.00
# Visual Studio 2013
VisualStudioVersion = 12.0.31101.0
MinimumVisualStudioVersion = 10.0.40219.1
Project("{8BC9CEB8-8B4A-11D0-8D11-00A0C91BC942}") = "UselessNumberMachine", "UselessNumberMachine\UselessNumberMachine.vcxproj", "{B14424E3-E9FF-4C76-9428-05A45AE05A1B}"
EndProject
Project("{8BC9CEB8-8B4A-11D0-8D11-00A0C91BC942}") = "TestBed", "TestBed\TestBed.vcxproj", "{092EA4B2-C113-46BB-AD32-BCCDED919D85}"
EndProject
Global
	GlobalSection(SolutionConfigurationPlatforms) = preSolution
		Debug|Win32 = Debug|Win32
		Release|Win32 = Release|Win32
	EndGlobalSection
	GlobalSection(ProjectConfigurationPlatforms) = postSolution
		{B14424E3-E9FF-4C76-9428-05A45AE05A1B}.Debug|Win32.ActiveCfg = Debug|Win32
		{B14424E3-E9FF-4C76-9428-05A45AE05A1B}.Release|Win32.ActiveCfg = Release|Win32
		{B14424E3-E9FF-4C76-9428-05A45AE05A1B}.Release|Win32.Build.0 = Release|Win32
		{092EA4B2-C113-46BB-AD32-BCCDED919D85}.Debug|Win32.ActiveCfg = Debug|Win32
		{092EA4B2-C113-46BB-AD32-BCCDED919D85}.Debug|Win32.Build.0 = Debug|Win32
		{092EA4B2-C113-46BB-AD32-BCCDED919D85}.Release|Win32.ActiveCfg = Release|Win32
		{092EA4B2-C113-46BB-AD32-BCCDED919D85}.Release|Win32.Build.0 = Release|Win32
	EndGlobalSection
	GlobalSection(SolutionProperties) = preSolution
		HideSolutionNode = FALSE
	EndGlobalSection
EndGlobal
