
Microsoft Visual Studio Solution File, Format Version 12.00
# Visual Studio 2012
Project("{8BC9CEB8-8B4A-11D0-8D11-00A0C91BC942}") = "UselessNumberMachine", "UselessNumberMachine\UselessNumberMachine.vcxproj", "{F96289C4-968A-40F8-9D4D-2EB587D18B64}"
EndProject
Project("{8BC9CEB8-8B4A-11D0-8D11-00A0C91BC942}") = "TestBed", "TestBed\TestBed.vcxproj", "{C13B8018-1BE0-41F7-9066-152056291E66}"
EndProject
Global
	GlobalSection(SolutionConfigurationPlatforms) = preSolution
		Debug|Win32 = Debug|Win32
		Release|Win32 = Release|Win32
	EndGlobalSection
	GlobalSection(ProjectConfigurationPlatforms) = postSolution
		{F96289C4-968A-40F8-9D4D-2EB587D18B64}.Debug|Win32.ActiveCfg = Debug|Win32
		{F96289C4-968A-40F8-9D4D-2EB587D18B64}.Release|Win32.ActiveCfg = Release|Win32
		{F96289C4-968A-40F8-9D4D-2EB587D18B64}.Release|Win32.Build.0 = Release|Win32
		{C13B8018-1BE0-41F7-9066-152056291E66}.Debug|Win32.ActiveCfg = Debug|Win32
		{C13B8018-1BE0-41F7-9066-152056291E66}.Debug|Win32.Build.0 = Debug|Win32
		{C13B8018-1BE0-41F7-9066-152056291E66}.Release|Win32.ActiveCfg = Release|Win32
		{C13B8018-1BE0-41F7-9066-152056291E66}.Release|Win32.Build.0 = Release|Win32
	EndGlobalSection
	GlobalSection(SolutionProperties) = preSolution
		HideSolutionNode = FALSE
	EndGlobalSection
	GlobalSection(Performance) = preSolution
		HasPerformanceSessions = true
	EndGlobalSection
EndGlobal
